
Microsoft Visual Studio Solution File, Format Version 12.00
Project("{FAE04EC0-301F-11D3-BF4B-00C04F79EFBC}") = "LambdaUserStore", "LambdaUserStore\src\LambdaUserStore\LambdaUserStore.csproj", "{C928A9A4-781A-4162-B36D-1C6955510570}"
EndProject
Project("{FAE04EC0-301F-11D3-BF4B-00C04F79EFBC}") = "LambdaUserStore.Tests", "LambdaUserStore\test\LambdaUserStore.Tests\LambdaUserStore.Tests.csproj", "{061BF60B-F18F-4282-B582-9DB2A568A88E}"
EndProject
Global
	GlobalSection(SolutionConfigurationPlatforms) = preSolution
		Debug|Any CPU = Debug|Any CPU
		Release|Any CPU = Release|Any CPU
	EndGlobalSection
	GlobalSection(ProjectConfigurationPlatforms) = postSolution
		{C928A9A4-781A-4162-B36D-1C6955510570}.Debug|Any CPU.ActiveCfg = Debug|Any CPU
		{C928A9A4-781A-4162-B36D-1C6955510570}.Debug|Any CPU.Build.0 = Debug|Any CPU
		{C928A9A4-781A-4162-B36D-1C6955510570}.Release|Any CPU.ActiveCfg = Release|Any CPU
		{C928A9A4-781A-4162-B36D-1C6955510570}.Release|Any CPU.Build.0 = Release|Any CPU
		{061BF60B-F18F-4282-B582-9DB2A568A88E}.Debug|Any CPU.ActiveCfg = Debug|Any CPU
		{061BF60B-F18F-4282-B582-9DB2A568A88E}.Debug|Any CPU.Build.0 = Debug|Any CPU
		{061BF60B-F18F-4282-B582-9DB2A568A88E}.Release|Any CPU.ActiveCfg = Release|Any CPU
		{061BF60B-F18F-4282-B582-9DB2A568A88E}.Release|Any CPU.Build.0 = Release|Any CPU
	EndGlobalSection
EndGlobal
